
Microsoft Visual Studio Solution File, Format Version 12.00
# Visual Studio 15
VisualStudioVersion = 15.0.27428.2015
MinimumVisualStudioVersion = 10.0.40219.1
Project("{FAE04EC0-301F-11D3-BF4B-00C04F79EFBC}") = "LonelyLogger", "LonelyLogger\LonelyLogger.csproj", "{2CD6142B-30E7-40E4-9F7E-296B022AD19B}"
EndProject
Global
	GlobalSection(SolutionConfigurationPlatforms) = preSolution
		Debug|Any CPU = Debug|Any CPU
		Release|Any CPU = Release|Any CPU
	EndGlobalSection
	GlobalSection(ProjectConfigurationPlatforms) = postSolution
		{2CD6142B-30E7-40E4-9F7E-296B022AD19B}.Debug|Any CPU.ActiveCfg = Debug|Any CPU
		{2CD6142B-30E7-40E4-9F7E-296B022AD19B}.Debug|Any CPU.Build.0 = Debug|Any CPU
		{2CD6142B-30E7-40E4-9F7E-296B022AD19B}.Release|Any CPU.ActiveCfg = Release|Any CPU
		{2CD6142B-30E7-40E4-9F7E-296B022AD19B}.Release|Any CPU.Build.0 = Release|Any CPU
	EndGlobalSection
	GlobalSection(SolutionProperties) = preSolution
		HideSolutionNode = FALSE
	EndGlobalSection
	GlobalSection(ExtensibilityGlobals) = postSolution
		SolutionGuid = {6F6B7876-DDDF-4796-8811-1F358C9DDF83}
	EndGlobalSection
EndGlobal
